
Microsoft Visual Studio Solution File, Format Version 12.00
# Visual Studio 15
VisualStudioVersion = 15.0.28307.572
MinimumVisualStudioVersion = 10.0.40219.1
Project("{FAE04EC0-301F-11D3-BF4B-00C04F79EFBC}") = "WebApplication1", "WebApplication1\WebApplication1.csproj", "{CD9F4E8D-85CB-4AE7-B3D9-78F848F346D3}"
EndProject
Project("{FAE04EC0-301F-11D3-BF4B-00C04F79EFBC}") = "Service", "Service\Service.csproj", "{FFEE834C-804C-494B-B472-2E8671D5EA89}"
EndProject
Global
	GlobalSection(SolutionConfigurationPlatforms) = preSolution
		Debug|Any CPU = Debug|Any CPU
		Release|Any CPU = Release|Any CPU
	EndGlobalSection
	GlobalSection(ProjectConfigurationPlatforms) = postSolution
		{CD9F4E8D-85CB-4AE7-B3D9-78F848F346D3}.Debug|Any CPU.ActiveCfg = Debug|Any CPU
		{CD9F4E8D-85CB-4AE7-B3D9-78F848F346D3}.Debug|Any CPU.Build.0 = Debug|Any CPU
		{CD9F4E8D-85CB-4AE7-B3D9-78F848F346D3}.Release|Any CPU.ActiveCfg = Release|Any CPU
		{CD9F4E8D-85CB-4AE7-B3D9-78F848F346D3}.Release|Any CPU.Build.0 = Release|Any CPU
		{FFEE834C-804C-494B-B472-2E8671D5EA89}.Debug|Any CPU.ActiveCfg = Debug|Any CPU
		{FFEE834C-804C-494B-B472-2E8671D5EA89}.Debug|Any CPU.Build.0 = Debug|Any CPU
		{FFEE834C-804C-494B-B472-2E8671D5EA89}.Release|Any CPU.ActiveCfg = Release|Any CPU
		{FFEE834C-804C-494B-B472-2E8671D5EA89}.Release|Any CPU.Build.0 = Release|Any CPU
	EndGlobalSection
	GlobalSection(SolutionProperties) = preSolution
		HideSolutionNode = FALSE
	EndGlobalSection
	GlobalSection(ExtensibilityGlobals) = postSolution
		SolutionGuid = {90B6BBE5-0B8C-4745-9D57-57032ABD4B7F}
	EndGlobalSection
EndGlobal
